
Microsoft Visual Studio Solution File, Format Version 12.00
# Visual Studio Version 16
VisualStudioVersion = 16.0.32228.343
MinimumVisualStudioVersion = 10.0.40219.1
Project("{9A19103F-16F7-4668-BE54-9A1E7A4F7556}") = "ImportTrigger", "ImportTrigger.csproj", "{814DF67B-CC65-4241-B6AB-BCFC19C83B0B}"
EndProject
Project("{FAE04EC0-301F-11D3-BF4B-00C04F79EFBC}") = "BatchRetryTrigger", "..\BatchRetryTrigger\BatchRetryTrigger.csproj", "{F7568AE1-A950-429B-88A7-90E07DC32953}"
EndProject
Project("{FAE04EC0-301F-11D3-BF4B-00C04F79EFBC}") = "EntityFrameworkCore", "..\EntityFramework\EntityFrameworkCore.csproj", "{530ED84D-4F61-4B31-BA07-5068466ECAF1}"
EndProject
Global
	GlobalSection(SolutionConfigurationPlatforms) = preSolution
		Debug|Any CPU = Debug|Any CPU
		Release|Any CPU = Release|Any CPU
	EndGlobalSection
	GlobalSection(ProjectConfigurationPlatforms) = postSolution
		{814DF67B-CC65-4241-B6AB-BCFC19C83B0B}.Debug|Any CPU.ActiveCfg = Debug|Any CPU
		{814DF67B-CC65-4241-B6AB-BCFC19C83B0B}.Debug|Any CPU.Build.0 = Debug|Any CPU
		{814DF67B-CC65-4241-B6AB-BCFC19C83B0B}.Release|Any CPU.ActiveCfg = Release|Any CPU
		{814DF67B-CC65-4241-B6AB-BCFC19C83B0B}.Release|Any CPU.Build.0 = Release|Any CPU
		{F7568AE1-A950-429B-88A7-90E07DC32953}.Debug|Any CPU.ActiveCfg = Debug|Any CPU
		{F7568AE1-A950-429B-88A7-90E07DC32953}.Debug|Any CPU.Build.0 = Debug|Any CPU
		{F7568AE1-A950-429B-88A7-90E07DC32953}.Release|Any CPU.ActiveCfg = Release|Any CPU
		{F7568AE1-A950-429B-88A7-90E07DC32953}.Release|Any CPU.Build.0 = Release|Any CPU
		{530ED84D-4F61-4B31-BA07-5068466ECAF1}.Debug|Any CPU.ActiveCfg = Debug|Any CPU
		{530ED84D-4F61-4B31-BA07-5068466ECAF1}.Debug|Any CPU.Build.0 = Debug|Any CPU
		{530ED84D-4F61-4B31-BA07-5068466ECAF1}.Release|Any CPU.ActiveCfg = Release|Any CPU
		{530ED84D-4F61-4B31-BA07-5068466ECAF1}.Release|Any CPU.Build.0 = Release|Any CPU
	EndGlobalSection
	GlobalSection(SolutionProperties) = preSolution
		HideSolutionNode = FALSE
	EndGlobalSection
	GlobalSection(ExtensibilityGlobals) = postSolution
		SolutionGuid = {79B7FF45-9523-46A1-91B1-0B453E89FC83}
	EndGlobalSection
EndGlobal
